
Microsoft Visual Studio Solution File, Format Version 12.00
# Visual Studio 15
VisualStudioVersion = 15.0.28307.779
MinimumVisualStudioVersion = 10.0.40219.1
Project("{FAE04EC0-301F-11D3-BF4B-00C04F79EFBC}") = "Kafka_Consumer", "src\Kafka_Consumer\Kafka_Consumer.csproj", "{D76742CF-002D-4EEC-9B57-19D8F722F7A5}"
EndProject
Project("{FAE04EC0-301F-11D3-BF4B-00C04F79EFBC}") = "Kafka_Producer", "src\Kafka_Producer\Kafka_Producer.csproj", "{989AF716-1B08-454B-ACE9-A43A17234F14}"
EndProject
Project("{FAE04EC0-301F-11D3-BF4B-00C04F79EFBC}") = "Kafka_Consumer2", "src\Kafka_Consumer2\Kafka_Consumer2.csproj", "{D922820E-0AF0-4EE6-9A5C-5A555619E626}"
EndProject
Global
	GlobalSection(SolutionConfigurationPlatforms) = preSolution
		Debug|Any CPU = Debug|Any CPU
		Release|Any CPU = Release|Any CPU
	EndGlobalSection
	GlobalSection(ProjectConfigurationPlatforms) = postSolution
		{D76742CF-002D-4EEC-9B57-19D8F722F7A5}.Debug|Any CPU.ActiveCfg = Debug|Any CPU
		{D76742CF-002D-4EEC-9B57-19D8F722F7A5}.Debug|Any CPU.Build.0 = Debug|Any CPU
		{D76742CF-002D-4EEC-9B57-19D8F722F7A5}.Release|Any CPU.ActiveCfg = Release|Any CPU
		{D76742CF-002D-4EEC-9B57-19D8F722F7A5}.Release|Any CPU.Build.0 = Release|Any CPU
		{989AF716-1B08-454B-ACE9-A43A17234F14}.Debug|Any CPU.ActiveCfg = Debug|Any CPU
		{989AF716-1B08-454B-ACE9-A43A17234F14}.Debug|Any CPU.Build.0 = Debug|Any CPU
		{989AF716-1B08-454B-ACE9-A43A17234F14}.Release|Any CPU.ActiveCfg = Release|Any CPU
		{989AF716-1B08-454B-ACE9-A43A17234F14}.Release|Any CPU.Build.0 = Release|Any CPU
		{D922820E-0AF0-4EE6-9A5C-5A555619E626}.Debug|Any CPU.ActiveCfg = Debug|Any CPU
		{D922820E-0AF0-4EE6-9A5C-5A555619E626}.Debug|Any CPU.Build.0 = Debug|Any CPU
		{D922820E-0AF0-4EE6-9A5C-5A555619E626}.Release|Any CPU.ActiveCfg = Release|Any CPU
		{D922820E-0AF0-4EE6-9A5C-5A555619E626}.Release|Any CPU.Build.0 = Release|Any CPU
	EndGlobalSection
	GlobalSection(SolutionProperties) = preSolution
		HideSolutionNode = FALSE
	EndGlobalSection
	GlobalSection(ExtensibilityGlobals) = postSolution
		SolutionGuid = {CB203227-4E44-4D36-957B-BA440F1A8917}
	EndGlobalSection
EndGlobal
